// !$*UTF8*$!
{
	archiveVersion = 1;
	classes = {
	};
	objectVersion = 56;
	objects = {

/* Begin PBXBuildFile section */
		5E1FEC9E2A88655C00D87968 /* RecipeRatingView.swift in Sources */ = {isa = PBXBuildFile; fileRef = 5E1FEC9D2A88655C00D87968 /* RecipeRatingView.swift */; };
		5E1FECA02A88673C00D87968 /* CookingView.swift in Sources */ = {isa = PBXBuildFile; fileRef = 5E1FEC9F2A88673C00D87968 /* CookingView.swift */; };
		5E1FECA22A88687600D87968 /* RecipeDetailView.swift in Sources */ = {isa = PBXBuildFile; fileRef = 5E1FECA12A88687600D87968 /* RecipeDetailView.swift */; };
		5E31CDFE2A85950E00B0CAC2 /* FactsView.swift in Sources */ = {isa = PBXBuildFile; fileRef = 5E31CDFD2A85950E00B0CAC2 /* FactsView.swift */; };
		5E590B262A8CEA8200591A3B /* RipenningView.swift in Sources */ = {isa = PBXBuildFile; fileRef = 5E590B252A8CEA8200591A3B /* RipenningView.swift */; };
		5E6176362A7B431A00DEBD34 /* DishesView.swift in Sources */ = {isa = PBXBuildFile; fileRef = 5E6176352A7B431A00DEBD34 /* DishesView.swift */; };
		5E6176382A7B464200DEBD34 /* FactModel.swift in Sources */ = {isa = PBXBuildFile; fileRef = 5E6176372A7B464200DEBD34 /* FactModel.swift */; };
		5E61763A2A7B469300DEBD34 /* FactData.swift in Sources */ = {isa = PBXBuildFile; fileRef = 5E6176392A7B469300DEBD34 /* FactData.swift */; };
		5EBC9ED12A87320800B62D0C /* RecipeModel.swift in Sources */ = {isa = PBXBuildFile; fileRef = 5EBC9ED02A87320800B62D0C /* RecipeModel.swift */; };
		5EBC9ED32A8737F700B62D0C /* RecipeData.swift in Sources */ = {isa = PBXBuildFile; fileRef = 5EBC9ED22A8737F700B62D0C /* RecipeData.swift */; };
		5EBC9ED52A8738AA00B62D0C /* RecipeCardView.swift in Sources */ = {isa = PBXBuildFile; fileRef = 5EBC9ED42A8738AA00B62D0C /* RecipeCardView.swift */; };
		5ECD70EB2A90F90900861425 /* RippeningModel.swift in Sources */ = {isa = PBXBuildFile; fileRef = 5ECD70EA2A90F90900861425 /* RippeningModel.swift */; };
		5ECD70ED2A90F94600861425 /* RipenningData.swift in Sources */ = {isa = PBXBuildFile; fileRef = 5ECD70EC2A90F94600861425 /* RipenningData.swift */; };
		5ECD70EF2A914AB800861425 /* RipeningRatingView.swift in Sources */ = {isa = PBXBuildFile; fileRef = 5ECD70EE2A914AB800861425 /* RipeningRatingView.swift */; };
		5ECD70F12A914D3400861425 /* RipeningDetailView.swift in Sources */ = {isa = PBXBuildFile; fileRef = 5ECD70F02A914D3400861425 /* RipeningDetailView.swift */; };
		5ED898CE2A78618D000A6EBB /* AvocadosApp.swift in Sources */ = {isa = PBXBuildFile; fileRef = 5ED898CD2A78618D000A6EBB /* AvocadosApp.swift */; };
		5ED898D02A78618D000A6EBB /* ContentView.swift in Sources */ = {isa = PBXBuildFile; fileRef = 5ED898CF2A78618D000A6EBB /* ContentView.swift */; };
		5ED898D22A78618E000A6EBB /* Assets.xcassets in Resources */ = {isa = PBXBuildFile; fileRef = 5ED898D12A78618E000A6EBB /* Assets.xcassets */; };
		5ED898D52A78618E000A6EBB /* Preview Assets.xcassets in Resources */ = {isa = PBXBuildFile; fileRef = 5ED898D42A78618E000A6EBB /* Preview Assets.xcassets */; };
		5ED898DF2A78829E000A6EBB /* AvocadosView.swift in Sources */ = {isa = PBXBuildFile; fileRef = 5ED898DE2A78829E000A6EBB /* AvocadosView.swift */; };
		5ED898E12A7882B5000A6EBB /* RipenningStagesView.swift in Sources */ = {isa = PBXBuildFile; fileRef = 5ED898E02A7882B5000A6EBB /* RipenningStagesView.swift */; };
		5ED898E32A7882C3000A6EBB /* HeaderView.swift in Sources */ = {isa = PBXBuildFile; fileRef = 5ED898E22A7882C3000A6EBB /* HeaderView.swift */; };
		5ED898E52A7882D4000A6EBB /* SettingsView.swift in Sources */ = {isa = PBXBuildFile; fileRef = 5ED898E42A7882D4000A6EBB /* SettingsView.swift */; };
		5ED898E72A788301000A6EBB /* AppView.swift in Sources */ = {isa = PBXBuildFile; fileRef = 5ED898E62A788301000A6EBB /* AppView.swift */; };
		5ED898E92A788311000A6EBB /* HeaderModel.swift in Sources */ = {isa = PBXBuildFile; fileRef = 5ED898E82A788311000A6EBB /* HeaderModel.swift */; };
		5ED898EB2A788327000A6EBB /* HeaderData.swift in Sources */ = {isa = PBXBuildFile; fileRef = 5ED898EA2A788327000A6EBB /* HeaderData.swift */; };
		5ED898ED2A788455000A6EBB /* Launch Screen.storyboard in Resources */ = {isa = PBXBuildFile; fileRef = 5ED898EC2A788455000A6EBB /* Launch Screen.storyboard */; };
/* End PBXBuildFile section */

/* Begin PBXFileReference section */
		5E1FEC9D2A88655C00D87968 /* RecipeRatingView.swift */ = {isa = PBXFileReference; lastKnownFileType = sourcecode.swift; path = RecipeRatingView.swift; sourceTree = "<group>"; };
		5E1FEC9F2A88673C00D87968 /* CookingView.swift */ = {isa = PBXFileReference; lastKnownFileType = sourcecode.swift; path = CookingView.swift; sourceTree = "<group>"; };
		5E1FECA12A88687600D87968 /* RecipeDetailView.swift */ = {isa = PBXFileReference; lastKnownFileType = sourcecode.swift; path = RecipeDetailView.swift; sourceTree = "<group>"; };
		5E31CDFD2A85950E00B0CAC2 /* FactsView.swift */ = {isa = PBXFileReference; lastKnownFileType = sourcecode.swift; path = FactsView.swift; sourceTree = "<group>"; };
		5E590B252A8CEA8200591A3B /* RipenningView.swift */ = {isa = PBXFileReference; lastKnownFileType = sourcecode.swift; path = RipenningView.swift; sourceTree = "<group>"; };
		5E6176352A7B431A00DEBD34 /* DishesView.swift */ = {isa = PBXFileReference; lastKnownFileType = sourcecode.swift; path = DishesView.swift; sourceTree = "<group>"; };
		5E6176372A7B464200DEBD34 /* FactModel.swift */ = {isa = PBXFileReference; lastKnownFileType = sourcecode.swift; path = FactModel.swift; sourceTree = "<group>"; };
		5E6176392A7B469300DEBD34 /* FactData.swift */ = {isa = PBXFileReference; lastKnownFileType = sourcecode.swift; path = FactData.swift; sourceTree = "<group>"; };
		5EBC9ED02A87320800B62D0C /* RecipeModel.swift */ = {isa = PBXFileReference; lastKnownFileType = sourcecode.swift; path = RecipeModel.swift; sourceTree = "<group>"; };
		5EBC9ED22A8737F700B62D0C /* RecipeData.swift */ = {isa = PBXFileReference; lastKnownFileType = sourcecode.swift; path = RecipeData.swift; sourceTree = "<group>"; };
		5EBC9ED42A8738AA00B62D0C /* RecipeCardView.swift */ = {isa = PBXFileReference; lastKnownFileType = sourcecode.swift; path = RecipeCardView.swift; sourceTree = "<group>"; };
		5ECD70EA2A90F90900861425 /* RippeningModel.swift */ = {isa = PBXFileReference; lastKnownFileType = sourcecode.swift; path = RippeningModel.swift; sourceTree = "<group>"; };
		5ECD70EC2A90F94600861425 /* RipenningData.swift */ = {isa = PBXFileReference; lastKnownFileType = sourcecode.swift; path = RipenningData.swift; sourceTree = "<group>"; };
		5ECD70EE2A914AB800861425 /* RipeningRatingView.swift */ = {isa = PBXFileReference; lastKnownFileType = sourcecode.swift; path = RipeningRatingView.swift; sourceTree = "<group>"; };
		5ECD70F02A914D3400861425 /* RipeningDetailView.swift */ = {isa = PBXFileReference; lastKnownFileType = sourcecode.swift; path = RipeningDetailView.swift; sourceTree = "<group>"; };
		5ED898CA2A78618D000A6EBB /* Avocados.app */ = {isa = PBXFileReference; explicitFileType = wrapper.application; includeInIndex = 0; path = Avocados.app; sourceTree = BUILT_PRODUCTS_DIR; };
		5ED898CD2A78618D000A6EBB /* AvocadosApp.swift */ = {isa = PBXFileReference; lastKnownFileType = sourcecode.swift; path = AvocadosApp.swift; sourceTree = "<group>"; };
		5ED898CF2A78618D000A6EBB /* ContentView.swift */ = {isa = PBXFileReference; lastKnownFileType = sourcecode.swift; path = ContentView.swift; sourceTree = "<group>"; };
		5ED898D12A78618E000A6EBB /* Assets.xcassets */ = {isa = PBXFileReference; lastKnownFileType = folder.assetcatalog; path = Assets.xcassets; sourceTree = "<group>"; };
		5ED898D42A78618E000A6EBB /* Preview Assets.xcassets */ = {isa = PBXFileReference; lastKnownFileType = folder.assetcatalog; path = "Preview Assets.xcassets"; sourceTree = "<group>"; };
		5ED898DE2A78829E000A6EBB /* AvocadosView.swift */ = {isa = PBXFileReference; lastKnownFileType = sourcecode.swift; path = AvocadosView.swift; sourceTree = "<group>"; };
		5ED898E02A7882B5000A6EBB /* RipenningStagesView.swift */ = {isa = PBXFileReference; lastKnownFileType = sourcecode.swift; path = RipenningStagesView.swift; sourceTree = "<group>"; };
		5ED898E22A7882C3000A6EBB /* HeaderView.swift */ = {isa = PBXFileReference; lastKnownFileType = sourcecode.swift; path = HeaderView.swift; sourceTree = "<group>"; };
		5ED898E42A7882D4000A6EBB /* SettingsView.swift */ = {isa = PBXFileReference; lastKnownFileType = sourcecode.swift; path = SettingsView.swift; sourceTree = "<group>"; };
		5ED898E62A788301000A6EBB /* AppView.swift */ = {isa = PBXFileReference; lastKnownFileType = sourcecode.swift; path = AppView.swift; sourceTree = "<group>"; };
		5ED898E82A788311000A6EBB /* HeaderModel.swift */ = {isa = PBXFileReference; lastKnownFileType = sourcecode.swift; path = HeaderModel.swift; sourceTree = "<group>"; };
		5ED898EA2A788327000A6EBB /* HeaderData.swift */ = {isa = PBXFileReference; lastKnownFileType = sourcecode.swift; path = HeaderData.swift; sourceTree = "<group>"; };
		5ED898EC2A788455000A6EBB /* Launch Screen.storyboard */ = {isa = PBXFileReference; lastKnownFileType = file.storyboard; path = "Launch Screen.storyboard"; sourceTree = "<group>"; };
/* End PBXFileReference section */

/* Begin PBXFrameworksBuildPhase section */
		5ED898C72A78618D000A6EBB /* Frameworks */ = {
			isa = PBXFrameworksBuildPhase;
			buildActionMask = 2147483647;
			files = (
			);
			runOnlyForDeploymentPostprocessing = 0;
		};
/* End PBXFrameworksBuildPhase section */

/* Begin PBXGroup section */
		5ED898C12A78618D000A6EBB = {
			isa = PBXGroup;
			children = (
				5ED898CC2A78618D000A6EBB /* Avocados */,
				5ED898CB2A78618D000A6EBB /* Products */,
			);
			sourceTree = "<group>";
		};
		5ED898CB2A78618D000A6EBB /* Products */ = {
			isa = PBXGroup;
			children = (
				5ED898CA2A78618D000A6EBB /* Avocados.app */,
			);
			name = Products;
			sourceTree = "<group>";
		};
		5ED898CC2A78618D000A6EBB /* Avocados */ = {
			isa = PBXGroup;
			children = (
				5ED898DC2A788222000A6EBB /* View */,
				5ED898DB2A788219000A6EBB /* Model */,
				5ED898DD2A788228000A6EBB /* Data */,
				5ED898CD2A78618D000A6EBB /* AvocadosApp.swift */,
				5ED898D12A78618E000A6EBB /* Assets.xcassets */,
				5ED898D32A78618E000A6EBB /* Preview Content */,
				5ED898EC2A788455000A6EBB /* Launch Screen.storyboard */,
			);
			path = Avocados;
			sourceTree = "<group>";
		};
		5ED898D32A78618E000A6EBB /* Preview Content */ = {
			isa = PBXGroup;
			children = (
				5ED898D42A78618E000A6EBB /* Preview Assets.xcassets */,
			);
			path = "Preview Content";
			sourceTree = "<group>";
		};
		5ED898DB2A788219000A6EBB /* Model */ = {
			isa = PBXGroup;
			children = (
				5ED898E82A788311000A6EBB /* HeaderModel.swift */,
				5E6176372A7B464200DEBD34 /* FactModel.swift */,
				5EBC9ED02A87320800B62D0C /* RecipeModel.swift */,
				5ECD70EA2A90F90900861425 /* RippeningModel.swift */,
			);
			path = Model;
			sourceTree = "<group>";
		};
		5ED898DC2A788222000A6EBB /* View */ = {
			isa = PBXGroup;
			children = (
				5ED898CF2A78618D000A6EBB /* ContentView.swift */,
				5ED898DE2A78829E000A6EBB /* AvocadosView.swift */,
				5ED898E02A7882B5000A6EBB /* RipenningStagesView.swift */,
				5ED898E22A7882C3000A6EBB /* HeaderView.swift */,
				5ED898E42A7882D4000A6EBB /* SettingsView.swift */,
				5ED898E62A788301000A6EBB /* AppView.swift */,
				5E6176352A7B431A00DEBD34 /* DishesView.swift */,
				5E31CDFD2A85950E00B0CAC2 /* FactsView.swift */,
				5EBC9ED42A8738AA00B62D0C /* RecipeCardView.swift */,
				5E1FEC9D2A88655C00D87968 /* RecipeRatingView.swift */,
				5E1FEC9F2A88673C00D87968 /* CookingView.swift */,
				5E1FECA12A88687600D87968 /* RecipeDetailView.swift */,
				5E590B252A8CEA8200591A3B /* RipenningView.swift */,
				5ECD70EE2A914AB800861425 /* RipeningRatingView.swift */,
				5ECD70F02A914D3400861425 /* RipeningDetailView.swift */,
			);
			path = View;
			sourceTree = "<group>";
		};
		5ED898DD2A788228000A6EBB /* Data */ = {
			isa = PBXGroup;
			children = (
				5ED898EA2A788327000A6EBB /* HeaderData.swift */,
				5E6176392A7B469300DEBD34 /* FactData.swift */,
				5EBC9ED22A8737F700B62D0C /* RecipeData.swift */,
				5ECD70EC2A90F94600861425 /* RipenningData.swift */,
			);
			path = Data;
			sourceTree = "<group>";
		};
/* End PBXGroup section */

/* Begin PBXNativeTarget section */
		5ED898C92A78618D000A6EBB /* Avocados */ = {
			isa = PBXNativeTarget;
			buildConfigurationList = 5ED898D82A78618E000A6EBB /* Build configuration list for PBXNativeTarget "Avocados" */;
			buildPhases = (
				5ED898C62A78618D000A6EBB /* Sources */,
				5ED898C72A78618D000A6EBB /* Frameworks */,
				5ED898C82A78618D000A6EBB /* Resources */,
			);
			buildRules = (
			);
			dependencies = (
			);
			name = Avocados;
			productName = Avocados;
			productReference = 5ED898CA2A78618D000A6EBB /* Avocados.app */;
			productType = "com.apple.product-type.application";
		};
/* End PBXNativeTarget section */

/* Begin PBXProject section */
		5ED898C22A78618D000A6EBB /* Project object */ = {
			isa = PBXProject;
			attributes = {
				BuildIndependentTargetsInParallel = 1;
				LastSwiftUpdateCheck = 1430;
				LastUpgradeCheck = 1430;
				TargetAttributes = {
					5ED898C92A78618D000A6EBB = {
						CreatedOnToolsVersion = 14.3.1;
					};
				};
			};
			buildConfigurationList = 5ED898C52A78618D000A6EBB /* Build configuration list for PBXProject "Avocados" */;
			compatibilityVersion = "Xcode 14.0";
			developmentRegion = en;
			hasScannedForEncodings = 0;
			knownRegions = (
				en,
				Base,
			);
			mainGroup = 5ED898C12A78618D000A6EBB;
			productRefGroup = 5ED898CB2A78618D000A6EBB /* Products */;
			projectDirPath = "";
			projectRoot = "";
			targets = (
				5ED898C92A78618D000A6EBB /* Avocados */,
			);
		};
/* End PBXProject section */

/* Begin PBXResourcesBuildPhase section */
		5ED898C82A78618D000A6EBB /* Resources */ = {
			isa = PBXResourcesBuildPhase;
			buildActionMask = 2147483647;
			files = (
				5ED898ED2A788455000A6EBB /* Launch Screen.storyboard in Resources */,
				5ED898D52A78618E000A6EBB /* Preview Assets.xcassets in Resources */,
				5ED898D22A78618E000A6EBB /* Assets.xcassets in Resources */,
			);
			runOnlyForDeploymentPostprocessing = 0;
		};
/* End PBXResourcesBuildPhase section */

/* Begin PBXSourcesBuildPhase section */
		5ED898C62A78618D000A6EBB /* Sources */ = {
			isa = PBXSourcesBuildPhase;
			buildActionMask = 2147483647;
			files = (
				5ECD70EB2A90F90900861425 /* RippeningModel.swift in Sources */,
				5ED898E32A7882C3000A6EBB /* HeaderView.swift in Sources */,
				5E1FECA02A88673C00D87968 /* CookingView.swift in Sources */,
				5E1FEC9E2A88655C00D87968 /* RecipeRatingView.swift in Sources */,
				5ED898E12A7882B5000A6EBB /* RipenningStagesView.swift in Sources */,
				5ED898D02A78618D000A6EBB /* ContentView.swift in Sources */,
				5ED898E72A788301000A6EBB /* AppView.swift in Sources */,
				5ED898E52A7882D4000A6EBB /* SettingsView.swift in Sources */,
				5E61763A2A7B469300DEBD34 /* FactData.swift in Sources */,
				5E31CDFE2A85950E00B0CAC2 /* FactsView.swift in Sources */,
				5EBC9ED12A87320800B62D0C /* RecipeModel.swift in Sources */,
				5ECD70EF2A914AB800861425 /* RipeningRatingView.swift in Sources */,
				5ED898CE2A78618D000A6EBB /* AvocadosApp.swift in Sources */,
				5ED898E92A788311000A6EBB /* HeaderModel.swift in Sources */,
				5ED898EB2A788327000A6EBB /* HeaderData.swift in Sources */,
				5E6176362A7B431A00DEBD34 /* DishesView.swift in Sources */,
				5EBC9ED52A8738AA00B62D0C /* RecipeCardView.swift in Sources */,
				5E590B262A8CEA8200591A3B /* RipenningView.swift in Sources */,
				5EBC9ED32A8737F700B62D0C /* RecipeData.swift in Sources */,
				5ECD70ED2A90F94600861425 /* RipenningData.swift in Sources */,
				5ED898DF2A78829E000A6EBB /* AvocadosView.swift in Sources */,
				5ECD70F12A914D3400861425 /* RipeningDetailView.swift in Sources */,
				5E1FECA22A88687600D87968 /* RecipeDetailView.swift in Sources */,
				5E6176382A7B464200DEBD34 /* FactModel.swift in Sources */,
			);
			runOnlyForDeploymentPostprocessing = 0;
		};
/* End PBXSourcesBuildPhase section */

/* Begin XCBuildConfiguration section */
		5ED898D62A78618E000A6EBB /* Debug */ = {
			isa = XCBuildConfiguration;
			buildSettings = {
				ALWAYS_SEARCH_USER_PATHS = NO;
				CLANG_ANALYZER_NONNULL = YES;
				CLANG_ANALYZER_NUMBER_OBJECT_CONVERSION = YES_AGGRESSIVE;
				CLANG_CXX_LANGUAGE_STANDARD = "gnu++20";
				CLANG_ENABLE_MODULES = YES;
				CLANG_ENABLE_OBJC_ARC = YES;
				CLANG_ENABLE_OBJC_WEAK = YES;
				CLANG_WARN_BLOCK_CAPTURE_AUTORELEASING = YES;
				CLANG_WARN_BOOL_CONVERSION = YES;
				CLANG_WARN_COMMA = YES;
				CLANG_WARN_CONSTANT_CONVERSION = YES;
				CLANG_WARN_DEPRECATED_OBJC_IMPLEMENTATIONS = YES;
				CLANG_WARN_DIRECT_OBJC_ISA_USAGE = YES_ERROR;
				CLANG_WARN_DOCUMENTATION_COMMENTS = YES;
				CLANG_WARN_EMPTY_BODY = YES;
				CLANG_WARN_ENUM_CONVERSION = YES;
				CLANG_WARN_INFINITE_RECURSION = YES;
				CLANG_WARN_INT_CONVERSION = YES;
				CLANG_WARN_NON_LITERAL_NULL_CONVERSION = YES;
				CLANG_WARN_OBJC_IMPLICIT_RETAIN_SELF = YES;
				CLANG_WARN_OBJC_LITERAL_CONVERSION = YES;
				CLANG_WARN_OBJC_ROOT_CLASS = YES_ERROR;
				CLANG_WARN_QUOTED_INCLUDE_IN_FRAMEWORK_HEADER = YES;
				CLANG_WARN_RANGE_LOOP_ANALYSIS = YES;
				CLANG_WARN_STRICT_PROTOTYPES = YES;
				CLANG_WARN_SUSPICIOUS_MOVE = YES;
				CLANG_WARN_UNGUARDED_AVAILABILITY = YES_AGGRESSIVE;
				CLANG_WARN_UNREACHABLE_CODE = YES;
				CLANG_WARN__DUPLICATE_METHOD_MATCH = YES;
				COPY_PHASE_STRIP = NO;
				DEBUG_INFORMATION_FORMAT = dwarf;
				ENABLE_STRICT_OBJC_MSGSEND = YES;
				ENABLE_TESTABILITY = YES;
				GCC_C_LANGUAGE_STANDARD = gnu11;
				GCC_DYNAMIC_NO_PIC = NO;
				GCC_NO_COMMON_BLOCKS = YES;
				GCC_OPTIMIZATION_LEVEL = 0;
				GCC_PREPROCESSOR_DEFINITIONS = (
					"DEBUG=1",
					"$(inherited)",
				);
				GCC_WARN_64_TO_32_BIT_CONVERSION = YES;
				GCC_WARN_ABOUT_RETURN_TYPE = YES_ERROR;
				GCC_WARN_UNDECLARED_SELECTOR = YES;
				GCC_WARN_UNINITIALIZED_AUTOS = YES_AGGRESSIVE;
				GCC_WARN_UNUSED_FUNCTION = YES;
				GCC_WARN_UNUSED_VARIABLE = YES;
				INFOPLIST_KEY_UILaunchScreen_Generation = YES;
				IPHONEOS_DEPLOYMENT_TARGET = 16.4;
				MTL_ENABLE_DEBUG_INFO = INCLUDE_SOURCE;
				MTL_FAST_MATH = YES;
				ONLY_ACTIVE_ARCH = YES;
				SDKROOT = iphoneos;
				SWIFT_ACTIVE_COMPILATION_CONDITIONS = DEBUG;
				SWIFT_OPTIMIZATION_LEVEL = "-Onone";
			};
			name = Debug;
		};
		5ED898D72A78618E000A6EBB /* Release */ = {
			isa = XCBuildConfiguration;
			buildSettings = {
				ALWAYS_SEARCH_USER_PATHS = NO;
				CLANG_ANALYZER_NONNULL = YES;
				CLANG_ANALYZER_NUMBER_OBJECT_CONVERSION = YES_AGGRESSIVE;
				CLANG_CXX_LANGUAGE_STANDARD = "gnu++20";
				CLANG_ENABLE_MODULES = YES;
				CLANG_ENABLE_OBJC_ARC = YES;
				CLANG_ENABLE_OBJC_WEAK = YES;
				CLANG_WARN_BLOCK_CAPTURE_AUTORELEASING = YES;
				CLANG_WARN_BOOL_CONVERSION = YES;
				CLANG_WARN_COMMA = YES;
				CLANG_WARN_CONSTANT_CONVERSION = YES;
				CLANG_WARN_DEPRECATED_OBJC_IMPLEMENTATIONS = YES;
				CLANG_WARN_DIRECT_OBJC_ISA_USAGE = YES_ERROR;
				CLANG_WARN_DOCUMENTATION_COMMENTS = YES;
				CLANG_WARN_EMPTY_BODY = YES;
				CLANG_WARN_ENUM_CONVERSION = YES;
				CLANG_WARN_INFINITE_RECURSION = YES;
				CLANG_WARN_INT_CONVERSION = YES;
				CLANG_WARN_NON_LITERAL_NULL_CONVERSION = YES;
				CLANG_WARN_OBJC_IMPLICIT_RETAIN_SELF = YES;
				CLANG_WARN_OBJC_LITERAL_CONVERSION = YES;
				CLANG_WARN_OBJC_ROOT_CLASS = YES_ERROR;
				CLANG_WARN_QUOTED_INCLUDE_IN_FRAMEWORK_HEADER = YES;
				CLANG_WARN_RANGE_LOOP_ANALYSIS = YES;
				CLANG_WARN_STRICT_PROTOTYPES = YES;
				CLANG_WARN_SUSPICIOUS_MOVE = YES;
				CLANG_WARN_UNGUARDED_AVAILABILITY = YES_AGGRESSIVE;
				CLANG_WARN_UNREACHABLE_CODE = YES;
				CLANG_WARN__DUPLICATE_METHOD_MATCH = YES;
				COPY_PHASE_STRIP = NO;
				DEBUG_INFORMATION_FORMAT = "dwarf-with-dsym";
				ENABLE_NS_ASSERTIONS = NO;
				ENABLE_STRICT_OBJC_MSGSEND = YES;
				GCC_C_LANGUAGE_STANDARD = gnu11;
				GCC_NO_COMMON_BLOCKS = YES;
				GCC_WARN_64_TO_32_BIT_CONVERSION = YES;
				GCC_WARN_ABOUT_RETURN_TYPE = YES_ERROR;
				GCC_WARN_UNDECLARED_SELECTOR = YES;
				GCC_WARN_UNINITIALIZED_AUTOS = YES_AGGRESSIVE;
				GCC_WARN_UNUSED_FUNCTION = YES;
				GCC_WARN_UNUSED_VARIABLE = YES;
				INFOPLIST_KEY_UILaunchScreen_Generation = YES;
				IPHONEOS_DEPLOYMENT_TARGET = 16.4;
				MTL_ENABLE_DEBUG_INFO = NO;
				MTL_FAST_MATH = YES;
				SDKROOT = iphoneos;
				SWIFT_COMPILATION_MODE = wholemodule;
				SWIFT_OPTIMIZATION_LEVEL = "-O";
				VALIDATE_PRODUCT = YES;
			};
			name = Release;
		};
		5ED898D92A78618E000A6EBB /* Debug */ = {
			isa = XCBuildConfiguration;
			buildSettings = {
				ASSETCATALOG_COMPILER_APPICON_NAME = AppIcon;
				ASSETCATALOG_COMPILER_GLOBAL_ACCENT_COLOR_NAME = AccentColor;
				CODE_SIGN_STYLE = Automatic;
				CURRENT_PROJECT_VERSION = 1;
				DEVELOPMENT_ASSET_PATHS = "\"Avocados/Preview Content\"";
				DEVELOPMENT_TEAM = L3TP44ZNL7;
				ENABLE_PREVIEWS = YES;
				GENERATE_INFOPLIST_FILE = YES;
				INFOPLIST_KEY_UIApplicationSceneManifest_Generation = YES;
				INFOPLIST_KEY_UIApplicationSupportsIndirectInputEvents = YES;
				INFOPLIST_KEY_UILaunchScreen_Generation = YES;
				INFOPLIST_KEY_UILaunchStoryboardName = "Launch Screen.storyboard";
				INFOPLIST_KEY_UISupportedInterfaceOrientations = UIInterfaceOrientationPortrait;
				LD_RUNPATH_SEARCH_PATHS = (
					"$(inherited)",
					"@executable_path/Frameworks",
				);
				MARKETING_VERSION = 1.0;
				PRODUCT_BUNDLE_IDENTIFIER = com.gchacon.Avocados;
				PRODUCT_NAME = "$(TARGET_NAME)";
				SWIFT_EMIT_LOC_STRINGS = YES;
				SWIFT_VERSION = 5.0;
				TARGETED_DEVICE_FAMILY = "1,2";
			};
			name = Debug;
		};
		5ED898DA2A78618E000A6EBB /* Release */ = {
			isa = XCBuildConfiguration;
			buildSettings = {
				ASSETCATALOG_COMPILER_APPICON_NAME = AppIcon;
				ASSETCATALOG_COMPILER_GLOBAL_ACCENT_COLOR_NAME = AccentColor;
				CODE_SIGN_STYLE = Automatic;
				CURRENT_PROJECT_VERSION = 1;
				DEVELOPMENT_ASSET_PATHS = "\"Avocados/Preview Content\"";
				DEVELOPMENT_TEAM = L3TP44ZNL7;
				ENABLE_PREVIEWS = YES;
				GENERATE_INFOPLIST_FILE = YES;
				INFOPLIST_KEY_UIApplicationSceneManifest_Generation = YES;
				INFOPLIST_KEY_UIApplicationSupportsIndirectInputEvents = YES;
				INFOPLIST_KEY_UILaunchScreen_Generation = YES;
				INFOPLIST_KEY_UILaunchStoryboardName = "Launch Screen.storyboard";
				INFOPLIST_KEY_UISupportedInterfaceOrientations = UIInterfaceOrientationPortrait;
				LD_RUNPATH_SEARCH_PATHS = (
					"$(inherited)",
					"@executable_path/Frameworks",
				);
				MARKETING_VERSION = 1.0;
				PRODUCT_BUNDLE_IDENTIFIER = com.gchacon.Avocados;
				PRODUCT_NAME = "$(TARGET_NAME)";
				SWIFT_EMIT_LOC_STRINGS = YES;
				SWIFT_VERSION = 5.0;
				TARGETED_DEVICE_FAMILY = "1,2";
			};
			name = Release;
		};
/* End XCBuildConfiguration section */

/* Begin XCConfigurationList section */
		5ED898C52A78618D000A6EBB /* Build configuration list for PBXProject "Avocados" */ = {
			isa = XCConfigurationList;
			buildConfigurations = (
				5ED898D62A78618E000A6EBB /* Debug */,
				5ED898D72A78618E000A6EBB /* Release */,
			);
			defaultConfigurationIsVisible = 0;
			defaultConfigurationName = Release;
		};
		5ED898D82A78618E000A6EBB /* Build configuration list for PBXNativeTarget "Avocados" */ = {
			isa = XCConfigurationList;
			buildConfigurations = (
				5ED898D92A78618E000A6EBB /* Debug */,
				5ED898DA2A78618E000A6EBB /* Release */,
			);
			defaultConfigurationIsVisible = 0;
			defaultConfigurationName = Release;
		};
/* End XCConfigurationList section */
	};
	rootObject = 5ED898C22A78618D000A6EBB /* Project object */;
}
